
Microsoft Visual Studio Solution File, Format Version 12.00
# Visual Studio Version 17
VisualStudioVersion = 17.6.33815.320
MinimumVisualStudioVersion = 10.0.40219.1
Project("{FAE04EC0-301F-11D3-BF4B-00C04F79EFBC}") = "Final-Project", "Final-Project\Final-Project.csproj", "{BFC6A206-E6AE-4302-8FBB-63EAA6E5E595}"
EndProject
Global
	GlobalSection(SolutionConfigurationPlatforms) = preSolution
		Debug|Any CPU = Debug|Any CPU
		Release|Any CPU = Release|Any CPU
	EndGlobalSection
	GlobalSection(ProjectConfigurationPlatforms) = postSolution
		{BFC6A206-E6AE-4302-8FBB-63EAA6E5E595}.Debug|Any CPU.ActiveCfg = Debug|Any CPU
		{BFC6A206-E6AE-4302-8FBB-63EAA6E5E595}.Debug|Any CPU.Build.0 = Debug|Any CPU
		{BFC6A206-E6AE-4302-8FBB-63EAA6E5E595}.Release|Any CPU.ActiveCfg = Release|Any CPU
		{BFC6A206-E6AE-4302-8FBB-63EAA6E5E595}.Release|Any CPU.Build.0 = Release|Any CPU
	EndGlobalSection
	GlobalSection(SolutionProperties) = preSolution
		HideSolutionNode = FALSE
	EndGlobalSection
	GlobalSection(ExtensibilityGlobals) = postSolution
		SolutionGuid = {7E0C2E67-2059-488D-81FC-1AD682F4E4FB}
	EndGlobalSection
EndGlobal
